// !$*UTF8*$!
{
	archiveVersion = 1;
	classes = {
	};
	objectVersion = 46;
	objects = {

/* Begin PBXBuildFile section */
		67C856231D4BE10E008B1D81 /* AppDelegate.swift in Sources */ = {isa = PBXBuildFile; fileRef = 67C856221D4BE10E008B1D81 /* AppDelegate.swift */; };
		67C856251D4BE10E008B1D81 /* ViewController.swift in Sources */ = {isa = PBXBuildFile; fileRef = 67C856241D4BE10E008B1D81 /* ViewController.swift */; };
		67C856281D4BE10E008B1D81 /* Main.storyboard in Resources */ = {isa = PBXBuildFile; fileRef = 67C856261D4BE10E008B1D81 /* Main.storyboard */; };
		67C8562A1D4BE10E008B1D81 /* Assets.xcassets in Resources */ = {isa = PBXBuildFile; fileRef = 67C856291D4BE10E008B1D81 /* Assets.xcassets */; };
		67C8562D1D4BE10E008B1D81 /* LaunchScreen.storyboard in Resources */ = {isa = PBXBuildFile; fileRef = 67C8562B1D4BE10E008B1D81 /* LaunchScreen.storyboard */; };
/* End PBXBuildFile section */

/* Begin PBXFileReference section */
		67C8561F1D4BE10E008B1D81 /* TableViewPractice_Thinkful.app */ = {isa = PBXFileReference; explicitFileType = wrapper.application; includeInIndex = 0; path = TableViewPractice_Thinkful.app; sourceTree = BUILT_PRODUCTS_DIR; };
		67C856221D4BE10E008B1D81 /* AppDelegate.swift */ = {isa = PBXFileReference; lastKnownFileType = sourcecode.swift; path = AppDelegate.swift; sourceTree = "<group>"; };
		67C856241D4BE10E008B1D81 /* ViewController.swift */ = {isa = PBXFileReference; lastKnownFileType = sourcecode.swift; path = ViewController.swift; sourceTree = "<group>"; };
		67C856271D4BE10E008B1D81 /* Base */ = {isa = PBXFileReference; lastKnownFileType = file.storyboard; name = Base; path = Base.lproj/Main.storyboard; sourceTree = "<group>"; };
		67C856291D4BE10E008B1D81 /* Assets.xcassets */ = {isa = PBXFileReference; lastKnownFileType = folder.assetcatalog; path = Assets.xcassets; sourceTree = "<group>"; };
		67C8562C1D4BE10E008B1D81 /* Base */ = {isa = PBXFileReference; lastKnownFileType = file.storyboard; name = Base; path = Base.lproj/LaunchScreen.storyboard; sourceTree = "<group>"; };
		67C8562E1D4BE10E008B1D81 /* Info.plist */ = {isa = PBXFileReference; lastKnownFileType = text.plist.xml; path = Info.plist; sourceTree = "<group>"; };
/* End PBXFileReference section */

/* Begin PBXFrameworksBuildPhase section */
		67C8561C1D4BE10E008B1D81 /* Frameworks */ = {
			isa = PBXFrameworksBuildPhase;
			buildActionMask = 2147483647;
			files = (
			);
			runOnlyForDeploymentPostprocessing = 0;
		};
/* End PBXFrameworksBuildPhase section */

/* Begin PBXGroup section */
		67C856161D4BE10E008B1D81 = {
			isa = PBXGroup;
			children = (
				67C856211D4BE10E008B1D81 /* TableViewPractice_Thinkful */,
				67C856201D4BE10E008B1D81 /* Products */,
			);
			sourceTree = "<group>";
		};
		67C856201D4BE10E008B1D81 /* Products */ = {
			isa = PBXGroup;
			children = (
				67C8561F1D4BE10E008B1D81 /* TableViewPractice_Thinkful.app */,
			);
			name = Products;
			sourceTree = "<group>";
		};
		67C856211D4BE10E008B1D81 /* TableViewPractice_Thinkful */ = {
			isa = PBXGroup;
			children = (
				67C856221D4BE10E008B1D81 /* AppDelegate.swift */,
				67C856241D4BE10E008B1D81 /* ViewController.swift */,
				67C856261D4BE10E008B1D81 /* Main.storyboard */,
				67C856291D4BE10E008B1D81 /* Assets.xcassets */,
				67C8562B1D4BE10E008B1D81 /* LaunchScreen.storyboard */,
				67C8562E1D4BE10E008B1D81 /* Info.plist */,
			);
			path = TableViewPractice_Thinkful;
			sourceTree = "<group>";
		};
/* End PBXGroup section */

/* Begin PBXNativeTarget section */
		67C8561E1D4BE10E008B1D81 /* TableViewPractice_Thinkful */ = {
			isa = PBXNativeTarget;
			buildConfigurationList = 67C856311D4BE10E008B1D81 /* Build configuration list for PBXNativeTarget "TableViewPractice_Thinkful" */;
			buildPhases = (
				67C8561B1D4BE10E008B1D81 /* Sources */,
				67C8561C1D4BE10E008B1D81 /* Frameworks */,
				67C8561D1D4BE10E008B1D81 /* Resources */,
			);
			buildRules = (
			);
			dependencies = (
			);
			name = TableViewPractice_Thinkful;
			productName = TableViewPractice_Thinkful;
			productReference = 67C8561F1D4BE10E008B1D81 /* TableViewPractice_Thinkful.app */;
			productType = "com.apple.product-type.application";
		};
/* End PBXNativeTarget section */

/* Begin PBXProject section */
		67C856171D4BE10E008B1D81 /* Project object */ = {
			isa = PBXProject;
			attributes = {
				LastSwiftUpdateCheck = 0800;
				LastUpgradeCheck = 0800;
				ORGANIZATIONNAME = "Joy Umali";
				TargetAttributes = {
					67C8561E1D4BE10E008B1D81 = {
						CreatedOnToolsVersion = 8.0;
						ProvisioningStyle = Automatic;
					};
				};
			};
			buildConfigurationList = 67C8561A1D4BE10E008B1D81 /* Build configuration list for PBXProject "TableViewPractice_Thinkful" */;
			compatibilityVersion = "Xcode 3.2";
			developmentRegion = English;
			hasScannedForEncodings = 0;
			knownRegions = (
				en,
				Base,
			);
			mainGroup = 67C856161D4BE10E008B1D81;
			productRefGroup = 67C856201D4BE10E008B1D81 /* Products */;
			projectDirPath = "";
			projectRoot = "";
			targets = (
				67C8561E1D4BE10E008B1D81 /* TableViewPractice_Thinkful */,
			);
		};
/* End PBXProject section */

/* Begin PBXResourcesBuildPhase section */
		67C8561D1D4BE10E008B1D81 /* Resources */ = {
			isa = PBXResourcesBuildPhase;
			buildActionMask = 2147483647;
			files = (
				67C8562D1D4BE10E008B1D81 /* LaunchScreen.storyboard in Resources */,
				67C8562A1D4BE10E008B1D81 /* Assets.xcassets in Resources */,
				67C856281D4BE10E008B1D81 /* Main.storyboard in Resources */,
			);
			runOnlyForDeploymentPostprocessing = 0;
		};
/* End PBXResourcesBuildPhase section */

/* Begin PBXSourcesBuildPhase section */
		67C8561B1D4BE10E008B1D81 /* Sources */ = {
			isa = PBXSourcesBuildPhase;
			buildActionMask = 2147483647;
			files = (
				67C856251D4BE10E008B1D81 /* ViewController.swift in Sources */,
				67C856231D4BE10E008B1D81 /* AppDelegate.swift in Sources */,
			);
			runOnlyForDeploymentPostprocessing = 0;
		};
/* End PBXSourcesBuildPhase section */

/* Begin PBXVariantGroup section */
		67C856261D4BE10E008B1D81 /* Main.storyboard */ = {
			isa = PBXVariantGroup;
			children = (
				67C856271D4BE10E008B1D81 /* Base */,
			);
			name = Main.storyboard;
			sourceTree = "<group>";
		};
		67C8562B1D4BE10E008B1D81 /* LaunchScreen.storyboard */ = {
			isa = PBXVariantGroup;
			children = (
				67C8562C1D4BE10E008B1D81 /* Base */,
			);
			name = LaunchScreen.storyboard;
			sourceTree = "<group>";
		};
/* End PBXVariantGroup section */

/* Begin XCBuildConfiguration section */
		67C8562F1D4BE10E008B1D81 /* Debug */ = {
			isa = XCBuildConfiguration;
			buildSettings = {
				ALWAYS_SEARCH_USER_PATHS = NO;
				CLANG_ANALYZER_NONNULL = YES;
				CLANG_CXX_LANGUAGE_STANDARD = "gnu++0x";
				CLANG_CXX_LIBRARY = "libc++";
				CLANG_ENABLE_MODULES = YES;
				CLANG_ENABLE_OBJC_ARC = YES;
				CLANG_WARN_BOOL_CONVERSION = YES;
				CLANG_WARN_CONSTANT_CONVERSION = YES;
				CLANG_WARN_DIRECT_OBJC_ISA_USAGE = YES_ERROR;
				CLANG_WARN_DOCUMENTATION_COMMENTS = YES;
				CLANG_WARN_EMPTY_BODY = YES;
				CLANG_WARN_ENUM_CONVERSION = YES;
				CLANG_WARN_INT_CONVERSION = YES;
				CLANG_WARN_OBJC_ROOT_CLASS = YES_ERROR;
				CLANG_WARN_UNREACHABLE_CODE = YES;
				CLANG_WARN__DUPLICATE_METHOD_MATCH = YES;
				"CODE_SIGN_IDENTITY[sdk=iphoneos*]" = "iPhone Developer";
				COPY_PHASE_STRIP = NO;
				DEBUG_INFORMATION_FORMAT = dwarf;
				ENABLE_STRICT_OBJC_MSGSEND = YES;
				ENABLE_TESTABILITY = YES;
				GCC_C_LANGUAGE_STANDARD = gnu99;
				GCC_DYNAMIC_NO_PIC = NO;
				GCC_NO_COMMON_BLOCKS = YES;
				GCC_OPTIMIZATION_LEVEL = 0;
				GCC_PREPROCESSOR_DEFINITIONS = (
					"DEBUG=1",
					"$(inherited)",
				);
				GCC_WARN_64_TO_32_BIT_CONVERSION = YES;
				GCC_WARN_ABOUT_RETURN_TYPE = YES_ERROR;
				GCC_WARN_UNDECLARED_SELECTOR = YES;
				GCC_WARN_UNINITIALIZED_AUTOS = YES_AGGRESSIVE;
				GCC_WARN_UNUSED_FUNCTION = YES;
				GCC_WARN_UNUSED_VARIABLE = YES;
				IPHONEOS_DEPLOYMENT_TARGET = 10.0;
				MTL_ENABLE_DEBUG_INFO = YES;
				ONLY_ACTIVE_ARCH = YES;
				SDKROOT = iphoneos;
				SWIFT_ACTIVE_COMPILATION_CONDITIONS = DEBUG;
				SWIFT_OPTIMIZATION_LEVEL = "-Onone";
			};
			name = Debug;
		};
		67C856301D4BE10E008B1D81 /* Release */ = {
			isa = XCBuildConfiguration;
			buildSettings = {
				ALWAYS_SEARCH_USER_PATHS = NO;
				CLANG_ANALYZER_NONNULL = YES;
				CLANG_CXX_LANGUAGE_STANDARD = "gnu++0x";
				CLANG_CXX_LIBRARY = "libc++";
				CLANG_ENABLE_MODULES = YES;
				CLANG_ENABLE_OBJC_ARC = YES;
				CLANG_WARN_BOOL_CONVERSION = YES;
				CLANG_WARN_CONSTANT_CONVERSION = YES;
				CLANG_WARN_DIRECT_OBJC_ISA_USAGE = YES_ERROR;
				CLANG_WARN_DOCUMENTATION_COMMENTS = YES;
				CLANG_WARN_EMPTY_BODY = YES;
				CLANG_WARN_ENUM_CONVERSION = YES;
				CLANG_WARN_INT_CONVERSION = YES;
				CLANG_WARN_OBJC_ROOT_CLASS = YES_ERROR;
				CLANG_WARN_UNREACHABLE_CODE = YES;
				CLANG_WARN__DUPLICATE_METHOD_MATCH = YES;
				"CODE_SIGN_IDENTITY[sdk=iphoneos*]" = "iPhone Developer";
				COPY_PHASE_STRIP = NO;
				DEBUG_INFORMATION_FORMAT = "dwarf-with-dsym";
				ENABLE_NS_ASSERTIONS = NO;
				ENABLE_STRICT_OBJC_MSGSEND = YES;
				GCC_C_LANGUAGE_STANDARD = gnu99;
				GCC_NO_COMMON_BLOCKS = YES;
				GCC_WARN_64_TO_32_BIT_CONVERSION = YES;
				GCC_WARN_ABOUT_RETURN_TYPE = YES_ERROR;
				GCC_WARN_UNDECLARED_SELECTOR = YES;
				GCC_WARN_UNINITIALIZED_AUTOS = YES_AGGRESSIVE;
				GCC_WARN_UNUSED_FUNCTION = YES;
				GCC_WARN_UNUSED_VARIABLE = YES;
				IPHONEOS_DEPLOYMENT_TARGET = 10.0;
				MTL_ENABLE_DEBUG_INFO = NO;
				SDKROOT = iphoneos;
				SWIFT_OPTIMIZATION_LEVEL = "-Owholemodule";
				VALIDATE_PRODUCT = YES;
			};
			name = Release;
		};
		67C856321D4BE10E008B1D81 /* Debug */ = {
			isa = XCBuildConfiguration;
			buildSettings = {
				ASSETCATALOG_COMPILER_APPICON_NAME = AppIcon;
				INFOPLIST_FILE = TableViewPractice_Thinkful/Info.plist;
				LD_RUNPATH_SEARCH_PATHS = "$(inherited) @executable_path/Frameworks";
				PRODUCT_BUNDLE_IDENTIFIER = "com.joyumali.TableViewPractice-Thinkful";
				PRODUCT_NAME = "$(TARGET_NAME)";
				SWIFT_VERSION = 3.0;
			};
			name = Debug;
		};
		67C856331D4BE10E008B1D81 /* Release */ = {
			isa = XCBuildConfiguration;
			buildSettings = {
				ASSETCATALOG_COMPILER_APPICON_NAME = AppIcon;
				INFOPLIST_FILE = TableViewPractice_Thinkful/Info.plist;
				LD_RUNPATH_SEARCH_PATHS = "$(inherited) @executable_path/Frameworks";
				PRODUCT_BUNDLE_IDENTIFIER = "com.joyumali.TableViewPractice-Thinkful";
				PRODUCT_NAME = "$(TARGET_NAME)";
				SWIFT_VERSION = 3.0;
			};
			name = Release;
		};
/* End XCBuildConfiguration section */

/* Begin XCConfigurationList section */
		67C8561A1D4BE10E008B1D81 /* Build configuration list for PBXProject "TableViewPractice_Thinkful" */ = {
			isa = XCConfigurationList;
			buildConfigurations = (
				67C8562F1D4BE10E008B1D81 /* Debug */,
				67C856301D4BE10E008B1D81 /* Release */,
			);
			defaultConfigurationIsVisible = 0;
			defaultConfigurationName = Release;
		};
		67C856311D4BE10E008B1D81 /* Build configuration list for PBXNativeTarget "TableViewPractice_Thinkful" */ = {
			isa = XCConfigurationList;
			buildConfigurations = (
				67C856321D4BE10E008B1D81 /* Debug */,
				67C856331D4BE10E008B1D81 /* Release */,
			);
			defaultConfigurationIsVisible = 0;
		};
/* End XCConfigurationList section */
	};
	rootObject = 67C856171D4BE10E008B1D81 /* Project object */;
}
